// !$*UTF8*$!
{
	archiveVersion = 1;
	classes = {
	};
	objectVersion = 46;
	objects = {

/* Begin PBXBuildFile section */
		E76C073B1CE095E700436EC9 /* main.m in Sources */ = {isa = PBXBuildFile; fileRef = E76C073A1CE095E700436EC9 /* main.m */; };
		E76C073E1CE095E700436EC9 /* AppDelegate.m in Sources */ = {isa = PBXBuildFile; fileRef = E76C073D1CE095E700436EC9 /* AppDelegate.m */; };
		E76C07441CE095E700436EC9 /* Main.storyboard in Resources */ = {isa = PBXBuildFile; fileRef = E76C07421CE095E700436EC9 /* Main.storyboard */; };
		E76C07461CE095E700436EC9 /* Assets.xcassets in Resources */ = {isa = PBXBuildFile; fileRef = E76C07451CE095E700436EC9 /* Assets.xcassets */; };
		E76C07491CE095E700436EC9 /* LaunchScreen.storyboard in Resources */ = {isa = PBXBuildFile; fileRef = E76C07471CE095E700436EC9 /* LaunchScreen.storyboard */; };
		E76C07541CE095E700436EC9 /* TableViewMultiSectionTests.m in Sources */ = {isa = PBXBuildFile; fileRef = E76C07531CE095E700436EC9 /* TableViewMultiSectionTests.m */; };
		E76C075F1CE095E700436EC9 /* TableViewMultiSectionUITests.m in Sources */ = {isa = PBXBuildFile; fileRef = E76C075E1CE095E700436EC9 /* TableViewMultiSectionUITests.m */; };
		E76C076E1CE0967700436EC9 /* TableViewMultiSection.m in Sources */ = {isa = PBXBuildFile; fileRef = E76C076D1CE0967700436EC9 /* TableViewMultiSection.m */; };
		E76C07701CE096D300436EC9 /* Data.plist in Resources */ = {isa = PBXBuildFile; fileRef = E76C076F1CE096D300436EC9 /* Data.plist */; };
		E76C07751CE099B200436EC9 /* WorldData.m in Sources */ = {isa = PBXBuildFile; fileRef = E76C07741CE099B200436EC9 /* WorldData.m */; };
		E76C07781CE099C600436EC9 /* Country.m in Sources */ = {isa = PBXBuildFile; fileRef = E76C07771CE099C600436EC9 /* Country.m */; };
		E76C077C1CE099E200436EC9 /* Continent.m in Sources */ = {isa = PBXBuildFile; fileRef = E76C077B1CE099E200436EC9 /* Continent.m */; };
		E7E6823D1CE18A1A00D7C5FD /* Brazil.png in Resources */ = {isa = PBXBuildFile; fileRef = E7E682311CE18A1A00D7C5FD /* Brazil.png */; };
		E7E6823E1CE18A1A00D7C5FD /* France.png in Resources */ = {isa = PBXBuildFile; fileRef = E7E682321CE18A1A00D7C5FD /* France.png */; };
		E7E6823F1CE18A1A00D7C5FD /* German.png in Resources */ = {isa = PBXBuildFile; fileRef = E7E682331CE18A1A00D7C5FD /* German.png */; };
		E7E682401CE18A1A00D7C5FD /* Indonesia.png in Resources */ = {isa = PBXBuildFile; fileRef = E7E682341CE18A1A00D7C5FD /* Indonesia.png */; };
		E7E682411CE18A1A00D7C5FD /* Japan.png in Resources */ = {isa = PBXBuildFile; fileRef = E7E682351CE18A1A00D7C5FD /* Japan.png */; };
		E7E682421CE18A1A00D7C5FD /* Mexico.png in Resources */ = {isa = PBXBuildFile; fileRef = E7E682361CE18A1A00D7C5FD /* Mexico.png */; };
		E7E682431CE18A1A00D7C5FD /* Russia.png in Resources */ = {isa = PBXBuildFile; fileRef = E7E682371CE18A1A00D7C5FD /* Russia.png */; };
		E7E682441CE18A1A00D7C5FD /* Singapore.png in Resources */ = {isa = PBXBuildFile; fileRef = E7E682381CE18A1A00D7C5FD /* Singapore.png */; };
		E7E682451CE18A1A00D7C5FD /* Spain.png in Resources */ = {isa = PBXBuildFile; fileRef = E7E682391CE18A1A00D7C5FD /* Spain.png */; };
		E7E682461CE18A1A00D7C5FD /* United Kingdom.png in Resources */ = {isa = PBXBuildFile; fileRef = E7E6823A1CE18A1A00D7C5FD /* United Kingdom.png */; };
		E7E682471CE18A1A00D7C5FD /* United States.png in Resources */ = {isa = PBXBuildFile; fileRef = E7E6823B1CE18A1A00D7C5FD /* United States.png */; };
		E7E682481CE18A1A00D7C5FD /* Vietnam.png in Resources */ = {isa = PBXBuildFile; fileRef = E7E6823C1CE18A1A00D7C5FD /* Vietnam.png */; };
		E7E6824B1CE1CED000D7C5FD /* DetailViewController.m in Sources */ = {isa = PBXBuildFile; fileRef = E7E6824A1CE1CED000D7C5FD /* DetailViewController.m */; };
/* End PBXBuildFile section */

/* Begin PBXContainerItemProxy section */
		E76C07501CE095E700436EC9 /* PBXContainerItemProxy */ = {
			isa = PBXContainerItemProxy;
			containerPortal = E76C072E1CE095E700436EC9 /* Project object */;
			proxyType = 1;
			remoteGlobalIDString = E76C07351CE095E700436EC9;
			remoteInfo = TableViewMultiSection;
		};
		E76C075B1CE095E700436EC9 /* PBXContainerItemProxy */ = {
			isa = PBXContainerItemProxy;
			containerPortal = E76C072E1CE095E700436EC9 /* Project object */;
			proxyType = 1;
			remoteGlobalIDString = E76C07351CE095E700436EC9;
			remoteInfo = TableViewMultiSection;
		};
/* End PBXContainerItemProxy section */

/* Begin PBXFileReference section */
		E76C07361CE095E700436EC9 /* TableViewMultiSection.app */ = {isa = PBXFileReference; explicitFileType = wrapper.application; includeInIndex = 0; path = TableViewMultiSection.app; sourceTree = BUILT_PRODUCTS_DIR; };
		E76C073A1CE095E700436EC9 /* main.m */ = {isa = PBXFileReference; lastKnownFileType = sourcecode.c.objc; path = main.m; sourceTree = "<group>"; };
		E76C073C1CE095E700436EC9 /* AppDelegate.h */ = {isa = PBXFileReference; lastKnownFileType = sourcecode.c.h; path = AppDelegate.h; sourceTree = "<group>"; };
		E76C073D1CE095E700436EC9 /* AppDelegate.m */ = {isa = PBXFileReference; lastKnownFileType = sourcecode.c.objc; path = AppDelegate.m; sourceTree = "<group>"; };
		E76C07431CE095E700436EC9 /* Base */ = {isa = PBXFileReference; lastKnownFileType = file.storyboard; name = Base; path = Base.lproj/Main.storyboard; sourceTree = "<group>"; };
		E76C07451CE095E700436EC9 /* Assets.xcassets */ = {isa = PBXFileReference; lastKnownFileType = folder.assetcatalog; path = Assets.xcassets; sourceTree = "<group>"; };
		E76C07481CE095E700436EC9 /* Base */ = {isa = PBXFileReference; lastKnownFileType = file.storyboard; name = Base; path = Base.lproj/LaunchScreen.storyboard; sourceTree = "<group>"; };
		E76C074A1CE095E700436EC9 /* Info.plist */ = {isa = PBXFileReference; lastKnownFileType = text.plist.xml; path = Info.plist; sourceTree = "<group>"; };
		E76C074F1CE095E700436EC9 /* TableViewMultiSectionTests.xctest */ = {isa = PBXFileReference; explicitFileType = wrapper.cfbundle; includeInIndex = 0; path = TableViewMultiSectionTests.xctest; sourceTree = BUILT_PRODUCTS_DIR; };
		E76C07531CE095E700436EC9 /* TableViewMultiSectionTests.m */ = {isa = PBXFileReference; lastKnownFileType = sourcecode.c.objc; path = TableViewMultiSectionTests.m; sourceTree = "<group>"; };
		E76C07551CE095E700436EC9 /* Info.plist */ = {isa = PBXFileReference; lastKnownFileType = text.plist.xml; path = Info.plist; sourceTree = "<group>"; };
		E76C075A1CE095E700436EC9 /* TableViewMultiSectionUITests.xctest */ = {isa = PBXFileReference; explicitFileType = wrapper.cfbundle; includeInIndex = 0; path = TableViewMultiSectionUITests.xctest; sourceTree = BUILT_PRODUCTS_DIR; };
		E76C075E1CE095E700436EC9 /* TableViewMultiSectionUITests.m */ = {isa = PBXFileReference; lastKnownFileType = sourcecode.c.objc; path = TableViewMultiSectionUITests.m; sourceTree = "<group>"; };
		E76C07601CE095E700436EC9 /* Info.plist */ = {isa = PBXFileReference; lastKnownFileType = text.plist.xml; path = Info.plist; sourceTree = "<group>"; };
		E76C076C1CE0967700436EC9 /* TableViewMultiSection.h */ = {isa = PBXFileReference; fileEncoding = 4; lastKnownFileType = sourcecode.c.h; path = TableViewMultiSection.h; sourceTree = "<group>"; };
		E76C076D1CE0967700436EC9 /* TableViewMultiSection.m */ = {isa = PBXFileReference; fileEncoding = 4; lastKnownFileType = sourcecode.c.objc; path = TableViewMultiSection.m; sourceTree = "<group>"; };
		E76C076F1CE096D300436EC9 /* Data.plist */ = {isa = PBXFileReference; fileEncoding = 4; lastKnownFileType = text.plist.xml; path = Data.plist; sourceTree = "<group>"; };
		E76C07731CE099B200436EC9 /* WorldData.h */ = {isa = PBXFileReference; fileEncoding = 4; lastKnownFileType = sourcecode.c.h; path = WorldData.h; sourceTree = "<group>"; };
		E76C07741CE099B200436EC9 /* WorldData.m */ = {isa = PBXFileReference; fileEncoding = 4; lastKnownFileType = sourcecode.c.objc; path = WorldData.m; sourceTree = "<group>"; };
		E76C07761CE099C600436EC9 /* Country.h */ = {isa = PBXFileReference; fileEncoding = 4; lastKnownFileType = sourcecode.c.h; path = Country.h; sourceTree = "<group>"; };
		E76C07771CE099C600436EC9 /* Country.m */ = {isa = PBXFileReference; fileEncoding = 4; lastKnownFileType = sourcecode.c.objc; path = Country.m; sourceTree = "<group>"; };
		E76C077A1CE099E200436EC9 /* Continent.h */ = {isa = PBXFileReference; fileEncoding = 4; lastKnownFileType = sourcecode.c.h; path = Continent.h; sourceTree = "<group>"; };
		E76C077B1CE099E200436EC9 /* Continent.m */ = {isa = PBXFileReference; fileEncoding = 4; lastKnownFileType = sourcecode.c.objc; path = Continent.m; sourceTree = "<group>"; };
		E7E682311CE18A1A00D7C5FD /* Brazil.png */ = {isa = PBXFileReference; lastKnownFileType = image.png; path = Brazil.png; sourceTree = "<group>"; };
		E7E682321CE18A1A00D7C5FD /* France.png */ = {isa = PBXFileReference; lastKnownFileType = image.png; path = France.png; sourceTree = "<group>"; };
		E7E682331CE18A1A00D7C5FD /* German.png */ = {isa = PBXFileReference; lastKnownFileType = image.png; path = German.png; sourceTree = "<group>"; };
		E7E682341CE18A1A00D7C5FD /* Indonesia.png */ = {isa = PBXFileReference; lastKnownFileType = image.png; path = Indonesia.png; sourceTree = "<group>"; };
		E7E682351CE18A1A00D7C5FD /* Japan.png */ = {isa = PBXFileReference; lastKnownFileType = image.png; path = Japan.png; sourceTree = "<group>"; };
		E7E682361CE18A1A00D7C5FD /* Mexico.png */ = {isa = PBXFileReference; lastKnownFileType = image.png; path = Mexico.png; sourceTree = "<group>"; };
		E7E682371CE18A1A00D7C5FD /* Russia.png */ = {isa = PBXFileReference; lastKnownFileType = image.png; path = Russia.png; sourceTree = "<group>"; };
		E7E682381CE18A1A00D7C5FD /* Singapore.png */ = {isa = PBXFileReference; lastKnownFileType = image.png; path = Singapore.png; sourceTree = "<group>"; };
		E7E682391CE18A1A00D7C5FD /* Spain.png */ = {isa = PBXFileReference; lastKnownFileType = image.png; path = Spain.png; sourceTree = "<group>"; };
		E7E6823A1CE18A1A00D7C5FD /* United Kingdom.png */ = {isa = PBXFileReference; lastKnownFileType = image.png; path = "United Kingdom.png"; sourceTree = "<group>"; };
		E7E6823B1CE18A1A00D7C5FD /* United States.png */ = {isa = PBXFileReference; lastKnownFileType = image.png; path = "United States.png"; sourceTree = "<group>"; };
		E7E6823C1CE18A1A00D7C5FD /* Vietnam.png */ = {isa = PBXFileReference; lastKnownFileType = image.png; path = Vietnam.png; sourceTree = "<group>"; };
		E7E682491CE1CED000D7C5FD /* DetailViewController.h */ = {isa = PBXFileReference; fileEncoding = 4; lastKnownFileType = sourcecode.c.h; path = DetailViewController.h; sourceTree = "<group>"; };
		E7E6824A1CE1CED000D7C5FD /* DetailViewController.m */ = {isa = PBXFileReference; fileEncoding = 4; lastKnownFileType = sourcecode.c.objc; path = DetailViewController.m; sourceTree = "<group>"; };
/* End PBXFileReference section */

/* Begin PBXFrameworksBuildPhase section */
		E76C07331CE095E700436EC9 /* Frameworks */ = {
			isa = PBXFrameworksBuildPhase;
			buildActionMask = 2147483647;
			files = (
			);
			runOnlyForDeploymentPostprocessing = 0;
		};
		E76C074C1CE095E700436EC9 /* Frameworks */ = {
			isa = PBXFrameworksBuildPhase;
			buildActionMask = 2147483647;
			files = (
			);
			runOnlyForDeploymentPostprocessing = 0;
		};
		E76C07571CE095E700436EC9 /* Frameworks */ = {
			isa = PBXFrameworksBuildPhase;
			buildActionMask = 2147483647;
			files = (
			);
			runOnlyForDeploymentPostprocessing = 0;
		};
/* End PBXFrameworksBuildPhase section */

/* Begin PBXGroup section */
		E76C072D1CE095E700436EC9 = {
			isa = PBXGroup;
			children = (
				E76C07381CE095E700436EC9 /* TableViewMultiSection */,
				E76C07521CE095E700436EC9 /* TableViewMultiSectionTests */,
				E76C075D1CE095E700436EC9 /* TableViewMultiSectionUITests */,
				E76C07371CE095E700436EC9 /* Products */,
			);
			sourceTree = "<group>";
		};
		E76C07371CE095E700436EC9 /* Products */ = {
			isa = PBXGroup;
			children = (
				E76C07361CE095E700436EC9 /* TableViewMultiSection.app */,
				E76C074F1CE095E700436EC9 /* TableViewMultiSectionTests.xctest */,
				E76C075A1CE095E700436EC9 /* TableViewMultiSectionUITests.xctest */,
			);
			name = Products;
			sourceTree = "<group>";
		};
		E76C07381CE095E700436EC9 /* TableViewMultiSection */ = {
			isa = PBXGroup;
			children = (
				E76C07721CE0997300436EC9 /* Modal */,
				E76C07711CE0995700436EC9 /* Data */,
				E7E682491CE1CED000D7C5FD /* DetailViewController.h */,
				E7E6824A1CE1CED000D7C5FD /* DetailViewController.m */,
				E76C073C1CE095E700436EC9 /* AppDelegate.h */,
				E76C073D1CE095E700436EC9 /* AppDelegate.m */,
				E76C076C1CE0967700436EC9 /* TableViewMultiSection.h */,
				E76C076D1CE0967700436EC9 /* TableViewMultiSection.m */,
				E76C07421CE095E700436EC9 /* Main.storyboard */,
				E7E682301CE18A1A00D7C5FD /* Photos */,
				E76C07391CE095E700436EC9 /* Supporting Files */,
			);
			path = TableViewMultiSection;
			sourceTree = "<group>";
		};
		E76C07391CE095E700436EC9 /* Supporting Files */ = {
			isa = PBXGroup;
			children = (
				E76C07451CE095E700436EC9 /* Assets.xcassets */,
				E76C07471CE095E700436EC9 /* LaunchScreen.storyboard */,
				E76C074A1CE095E700436EC9 /* Info.plist */,
				E76C073A1CE095E700436EC9 /* main.m */,
			);
			name = "Supporting Files";
			sourceTree = "<group>";
		};
		E76C07521CE095E700436EC9 /* TableViewMultiSectionTests */ = {
			isa = PBXGroup;
			children = (
				E76C07531CE095E700436EC9 /* TableViewMultiSectionTests.m */,
				E76C07551CE095E700436EC9 /* Info.plist */,
			);
			path = TableViewMultiSectionTests;
			sourceTree = "<group>";
		};
		E76C075D1CE095E700436EC9 /* TableViewMultiSectionUITests */ = {
			isa = PBXGroup;
			children = (
				E76C075E1CE095E700436EC9 /* TableViewMultiSectionUITests.m */,
				E76C07601CE095E700436EC9 /* Info.plist */,
			);
			path = TableViewMultiSectionUITests;
			sourceTree = "<group>";
		};
		E76C07711CE0995700436EC9 /* Data */ = {
			isa = PBXGroup;
			children = (
				E76C076F1CE096D300436EC9 /* Data.plist */,
			);
			name = Data;
			sourceTree = "<group>";
		};
		E76C07721CE0997300436EC9 /* Modal */ = {
			isa = PBXGroup;
			children = (
				E76C07731CE099B200436EC9 /* WorldData.h */,
				E76C07741CE099B200436EC9 /* WorldData.m */,
				E76C07761CE099C600436EC9 /* Country.h */,
				E76C07771CE099C600436EC9 /* Country.m */,
				E76C077A1CE099E200436EC9 /* Continent.h */,
				E76C077B1CE099E200436EC9 /* Continent.m */,
			);
			name = Modal;
			sourceTree = "<group>";
		};
		E7E682301CE18A1A00D7C5FD /* Photos */ = {
			isa = PBXGroup;
			children = (
				E7E682311CE18A1A00D7C5FD /* Brazil.png */,
				E7E682321CE18A1A00D7C5FD /* France.png */,
				E7E682331CE18A1A00D7C5FD /* German.png */,
				E7E682341CE18A1A00D7C5FD /* Indonesia.png */,
				E7E682351CE18A1A00D7C5FD /* Japan.png */,
				E7E682361CE18A1A00D7C5FD /* Mexico.png */,
				E7E682371CE18A1A00D7C5FD /* Russia.png */,
				E7E682381CE18A1A00D7C5FD /* Singapore.png */,
				E7E682391CE18A1A00D7C5FD /* Spain.png */,
				E7E6823A1CE18A1A00D7C5FD /* United Kingdom.png */,
				E7E6823B1CE18A1A00D7C5FD /* United States.png */,
				E7E6823C1CE18A1A00D7C5FD /* Vietnam.png */,
			);
			path = Photos;
			sourceTree = "<group>";
		};
/* End PBXGroup section */

/* Begin PBXNativeTarget section */
		E76C07351CE095E700436EC9 /* TableViewMultiSection */ = {
			isa = PBXNativeTarget;
			buildConfigurationList = E76C07631CE095E700436EC9 /* Build configuration list for PBXNativeTarget "TableViewMultiSection" */;
			buildPhases = (
				E76C07321CE095E700436EC9 /* Sources */,
				E76C07331CE095E700436EC9 /* Frameworks */,
				E76C07341CE095E700436EC9 /* Resources */,
			);
			buildRules = (
			);
			dependencies = (
			);
			name = TableViewMultiSection;
			productName = TableViewMultiSection;
			productReference = E76C07361CE095E700436EC9 /* TableViewMultiSection.app */;
			productType = "com.apple.product-type.application";
		};
		E76C074E1CE095E700436EC9 /* TableViewMultiSectionTests */ = {
			isa = PBXNativeTarget;
			buildConfigurationList = E76C07661CE095E700436EC9 /* Build configuration list for PBXNativeTarget "TableViewMultiSectionTests" */;
			buildPhases = (
				E76C074B1CE095E700436EC9 /* Sources */,
				E76C074C1CE095E700436EC9 /* Frameworks */,
				E76C074D1CE095E700436EC9 /* Resources */,
			);
			buildRules = (
			);
			dependencies = (
				E76C07511CE095E700436EC9 /* PBXTargetDependency */,
			);
			name = TableViewMultiSectionTests;
			productName = TableViewMultiSectionTests;
			productReference = E76C074F1CE095E700436EC9 /* TableViewMultiSectionTests.xctest */;
			productType = "com.apple.product-type.bundle.unit-test";
		};
		E76C07591CE095E700436EC9 /* TableViewMultiSectionUITests */ = {
			isa = PBXNativeTarget;
			buildConfigurationList = E76C07691CE095E700436EC9 /* Build configuration list for PBXNativeTarget "TableViewMultiSectionUITests" */;
			buildPhases = (
				E76C07561CE095E700436EC9 /* Sources */,
				E76C07571CE095E700436EC9 /* Frameworks */,
				E76C07581CE095E700436EC9 /* Resources */,
			);
			buildRules = (
			);
			dependencies = (
				E76C075C1CE095E700436EC9 /* PBXTargetDependency */,
			);
			name = TableViewMultiSectionUITests;
			productName = TableViewMultiSectionUITests;
			productReference = E76C075A1CE095E700436EC9 /* TableViewMultiSectionUITests.xctest */;
			productType = "com.apple.product-type.bundle.ui-testing";
		};
/* End PBXNativeTarget section */

/* Begin PBXProject section */
		E76C072E1CE095E700436EC9 /* Project object */ = {
			isa = PBXProject;
			attributes = {
				LastUpgradeCheck = 0720;
				ORGANIZATIONNAME = ngotruong;
				TargetAttributes = {
					E76C07351CE095E700436EC9 = {
						CreatedOnToolsVersion = 7.2;
						DevelopmentTeam = 78NFY6Q9C3;
					};
					E76C074E1CE095E700436EC9 = {
						CreatedOnToolsVersion = 7.2;
						DevelopmentTeam = 78NFY6Q9C3;
						TestTargetID = E76C07351CE095E700436EC9;
					};
					E76C07591CE095E700436EC9 = {
						CreatedOnToolsVersion = 7.2;
						DevelopmentTeam = 78NFY6Q9C3;
						TestTargetID = E76C07351CE095E700436EC9;
					};
				};
			};
			buildConfigurationList = E76C07311CE095E700436EC9 /* Build configuration list for PBXProject "TableViewMultiSection" */;
			compatibilityVersion = "Xcode 3.2";
			developmentRegion = English;
			hasScannedForEncodings = 0;
			knownRegions = (
				en,
				Base,
			);
			mainGroup = E76C072D1CE095E700436EC9;
			productRefGroup = E76C07371CE095E700436EC9 /* Products */;
			projectDirPath = "";
			projectRoot = "";
			targets = (
				E76C07351CE095E700436EC9 /* TableViewMultiSection */,
				E76C074E1CE095E700436EC9 /* TableViewMultiSectionTests */,
				E76C07591CE095E700436EC9 /* TableViewMultiSectionUITests */,
			);
		};
/* End PBXProject section */

/* Begin PBXResourcesBuildPhase section */
		E76C07341CE095E700436EC9 /* Resources */ = {
			isa = PBXResourcesBuildPhase;
			buildActionMask = 2147483647;
			files = (
				E7E6823D1CE18A1A00D7C5FD /* Brazil.png in Resources */,
				E7E682471CE18A1A00D7C5FD /* United States.png in Resources */,
				E7E682481CE18A1A00D7C5FD /* Vietnam.png in Resources */,
				E7E682451CE18A1A00D7C5FD /* Spain.png in Resources */,
				E76C07491CE095E700436EC9 /* LaunchScreen.storyboard in Resources */,
				E7E682401CE18A1A00D7C5FD /* Indonesia.png in Resources */,
				E76C07461CE095E700436EC9 /* Assets.xcassets in Resources */,
				E7E682411CE18A1A00D7C5FD /* Japan.png in Resources */,
				E76C07701CE096D300436EC9 /* Data.plist in Resources */,
				E7E6823F1CE18A1A00D7C5FD /* German.png in Resources */,
				E7E6823E1CE18A1A00D7C5FD /* France.png in Resources */,
				E7E682441CE18A1A00D7C5FD /* Singapore.png in Resources */,
				E7E682421CE18A1A00D7C5FD /* Mexico.png in Resources */,
				E7E682461CE18A1A00D7C5FD /* United Kingdom.png in Resources */,
				E76C07441CE095E700436EC9 /* Main.storyboard in Resources */,
				E7E682431CE18A1A00D7C5FD /* Russia.png in Resources */,
			);
			runOnlyForDeploymentPostprocessing = 0;
		};
		E76C074D1CE095E700436EC9 /* Resources */ = {
			isa = PBXResourcesBuildPhase;
			buildActionMask = 2147483647;
			files = (
			);
			runOnlyForDeploymentPostprocessing = 0;
		};
		E76C07581CE095E700436EC9 /* Resources */ = {
			isa = PBXResourcesBuildPhase;
			buildActionMask = 2147483647;
			files = (
			);
			runOnlyForDeploymentPostprocessing = 0;
		};
/* End PBXResourcesBuildPhase section */

/* Begin PBXSourcesBuildPhase section */
		E76C07321CE095E700436EC9 /* Sources */ = {
			isa = PBXSourcesBuildPhase;
			buildActionMask = 2147483647;
			files = (
				E76C077C1CE099E200436EC9 /* Continent.m in Sources */,
				E76C07751CE099B200436EC9 /* WorldData.m in Sources */,
				E76C073E1CE095E700436EC9 /* AppDelegate.m in Sources */,
				E76C076E1CE0967700436EC9 /* TableViewMultiSection.m in Sources */,
				E76C073B1CE095E700436EC9 /* main.m in Sources */,
				E76C07781CE099C600436EC9 /* Country.m in Sources */,
				E7E6824B1CE1CED000D7C5FD /* DetailViewController.m in Sources */,
			);
			runOnlyForDeploymentPostprocessing = 0;
		};
		E76C074B1CE095E700436EC9 /* Sources */ = {
			isa = PBXSourcesBuildPhase;
			buildActionMask = 2147483647;
			files = (
				E76C07541CE095E700436EC9 /* TableViewMultiSectionTests.m in Sources */,
			);
			runOnlyForDeploymentPostprocessing = 0;
		};
		E76C07561CE095E700436EC9 /* Sources */ = {
			isa = PBXSourcesBuildPhase;
			buildActionMask = 2147483647;
			files = (
				E76C075F1CE095E700436EC9 /* TableViewMultiSectionUITests.m in Sources */,
			);
			runOnlyForDeploymentPostprocessing = 0;
		};
/* End PBXSourcesBuildPhase section */

/* Begin PBXTargetDependency section */
		E76C07511CE095E700436EC9 /* PBXTargetDependency */ = {
			isa = PBXTargetDependency;
			target = E76C07351CE095E700436EC9 /* TableViewMultiSection */;
			targetProxy = E76C07501CE095E700436EC9 /* PBXContainerItemProxy */;
		};
		E76C075C1CE095E700436EC9 /* PBXTargetDependency */ = {
			isa = PBXTargetDependency;
			target = E76C07351CE095E700436EC9 /* TableViewMultiSection */;
			targetProxy = E76C075B1CE095E700436EC9 /* PBXContainerItemProxy */;
		};
/* End PBXTargetDependency section */

/* Begin PBXVariantGroup section */
		E76C07421CE095E700436EC9 /* Main.storyboard */ = {
			isa = PBXVariantGroup;
			children = (
				E76C07431CE095E700436EC9 /* Base */,
			);
			name = Main.storyboard;
			sourceTree = "<group>";
		};
		E76C07471CE095E700436EC9 /* LaunchScreen.storyboard */ = {
			isa = PBXVariantGroup;
			children = (
				E76C07481CE095E700436EC9 /* Base */,
			);
			name = LaunchScreen.storyboard;
			sourceTree = "<group>";
		};
/* End PBXVariantGroup section */

/* Begin XCBuildConfiguration section */
		E76C07611CE095E700436EC9 /* Debug */ = {
			isa = XCBuildConfiguration;
			buildSettings = {
				ALWAYS_SEARCH_USER_PATHS = NO;
				CLANG_CXX_LANGUAGE_STANDARD = "gnu++0x";
				CLANG_CXX_LIBRARY = "libc++";
				CLANG_ENABLE_MODULES = YES;
				CLANG_ENABLE_OBJC_ARC = YES;
				CLANG_WARN_BOOL_CONVERSION = YES;
				CLANG_WARN_CONSTANT_CONVERSION = YES;
				CLANG_WARN_DIRECT_OBJC_ISA_USAGE = YES_ERROR;
				CLANG_WARN_EMPTY_BODY = YES;
				CLANG_WARN_ENUM_CONVERSION = YES;
				CLANG_WARN_INT_CONVERSION = YES;
				CLANG_WARN_OBJC_ROOT_CLASS = YES_ERROR;
				CLANG_WARN_UNREACHABLE_CODE = YES;
				CLANG_WARN__DUPLICATE_METHOD_MATCH = YES;
				"CODE_SIGN_IDENTITY[sdk=iphoneos*]" = "iPhone Developer";
				COPY_PHASE_STRIP = NO;
				DEBUG_INFORMATION_FORMAT = dwarf;
				ENABLE_STRICT_OBJC_MSGSEND = YES;
				ENABLE_TESTABILITY = YES;
				GCC_C_LANGUAGE_STANDARD = gnu99;
				GCC_DYNAMIC_NO_PIC = NO;
				GCC_NO_COMMON_BLOCKS = YES;
				GCC_OPTIMIZATION_LEVEL = 0;
				GCC_PREPROCESSOR_DEFINITIONS = (
					"DEBUG=1",
					"$(inherited)",
				);
				GCC_WARN_64_TO_32_BIT_CONVERSION = YES;
				GCC_WARN_ABOUT_RETURN_TYPE = YES_ERROR;
				GCC_WARN_UNDECLARED_SELECTOR = YES;
				GCC_WARN_UNINITIALIZED_AUTOS = YES_AGGRESSIVE;
				GCC_WARN_UNUSED_FUNCTION = YES;
				GCC_WARN_UNUSED_VARIABLE = YES;
				IPHONEOS_DEPLOYMENT_TARGET = 9.2;
				MTL_ENABLE_DEBUG_INFO = YES;
				ONLY_ACTIVE_ARCH = YES;
				SDKROOT = iphoneos;
			};
			name = Debug;
		};
		E76C07621CE095E700436EC9 /* Release */ = {
			isa = XCBuildConfiguration;
			buildSettings = {
				ALWAYS_SEARCH_USER_PATHS = NO;
				CLANG_CXX_LANGUAGE_STANDARD = "gnu++0x";
				CLANG_CXX_LIBRARY = "libc++";
				CLANG_ENABLE_MODULES = YES;
				CLANG_ENABLE_OBJC_ARC = YES;
				CLANG_WARN_BOOL_CONVERSION = YES;
				CLANG_WARN_CONSTANT_CONVERSION = YES;
				CLANG_WARN_DIRECT_OBJC_ISA_USAGE = YES_ERROR;
				CLANG_WARN_EMPTY_BODY = YES;
				CLANG_WARN_ENUM_CONVERSION = YES;
				CLANG_WARN_INT_CONVERSION = YES;
				CLANG_WARN_OBJC_ROOT_CLASS = YES_ERROR;
				CLANG_WARN_UNREACHABLE_CODE = YES;
				CLANG_WARN__DUPLICATE_METHOD_MATCH = YES;
				"CODE_SIGN_IDENTITY[sdk=iphoneos*]" = "iPhone Developer";
				COPY_PHASE_STRIP = NO;
				DEBUG_INFORMATION_FORMAT = "dwarf-with-dsym";
				ENABLE_NS_ASSERTIONS = NO;
				ENABLE_STRICT_OBJC_MSGSEND = YES;
				GCC_C_LANGUAGE_STANDARD = gnu99;
				GCC_NO_COMMON_BLOCKS = YES;
				GCC_WARN_64_TO_32_BIT_CONVERSION = YES;
				GCC_WARN_ABOUT_RETURN_TYPE = YES_ERROR;
				GCC_WARN_UNDECLARED_SELECTOR = YES;
				GCC_WARN_UNINITIALIZED_AUTOS = YES_AGGRESSIVE;
				GCC_WARN_UNUSED_FUNCTION = YES;
				GCC_WARN_UNUSED_VARIABLE = YES;
				IPHONEOS_DEPLOYMENT_TARGET = 9.2;
				MTL_ENABLE_DEBUG_INFO = NO;
				SDKROOT = iphoneos;
				VALIDATE_PRODUCT = YES;
			};
			name = Release;
		};
		E76C07641CE095E700436EC9 /* Debug */ = {
			isa = XCBuildConfiguration;
			buildSettings = {
				ASSETCATALOG_COMPILER_APPICON_NAME = AppIcon;
				INFOPLIST_FILE = TableViewMultiSection/Info.plist;
				LD_RUNPATH_SEARCH_PATHS = "$(inherited) @executable_path/Frameworks";
				PRODUCT_BUNDLE_IDENTIFIER = "Obj-C.Start.TableViewMultiSection";
				PRODUCT_NAME = "$(TARGET_NAME)";
			};
			name = Debug;
		};
		E76C07651CE095E700436EC9 /* Release */ = {
			isa = XCBuildConfiguration;
			buildSettings = {
				ASSETCATALOG_COMPILER_APPICON_NAME = AppIcon;
				INFOPLIST_FILE = TableViewMultiSection/Info.plist;
				LD_RUNPATH_SEARCH_PATHS = "$(inherited) @executable_path/Frameworks";
				PRODUCT_BUNDLE_IDENTIFIER = "Obj-C.Start.TableViewMultiSection";
				PRODUCT_NAME = "$(TARGET_NAME)";
			};
			name = Release;
		};
		E76C07671CE095E700436EC9 /* Debug */ = {
			isa = XCBuildConfiguration;
			buildSettings = {
				BUNDLE_LOADER = "$(TEST_HOST)";
				INFOPLIST_FILE = TableViewMultiSectionTests/Info.plist;
				LD_RUNPATH_SEARCH_PATHS = "$(inherited) @executable_path/Frameworks @loader_path/Frameworks";
				PRODUCT_BUNDLE_IDENTIFIER = "Obj-C.Start.TableViewMultiSectionTests";
				PRODUCT_NAME = "$(TARGET_NAME)";
				TEST_HOST = "$(BUILT_PRODUCTS_DIR)/TableViewMultiSection.app/TableViewMultiSection";
			};
			name = Debug;
		};
		E76C07681CE095E700436EC9 /* Release */ = {
			isa = XCBuildConfiguration;
			buildSettings = {
				BUNDLE_LOADER = "$(TEST_HOST)";
				INFOPLIST_FILE = TableViewMultiSectionTests/Info.plist;
				LD_RUNPATH_SEARCH_PATHS = "$(inherited) @executable_path/Frameworks @loader_path/Frameworks";
				PRODUCT_BUNDLE_IDENTIFIER = "Obj-C.Start.TableViewMultiSectionTests";
				PRODUCT_NAME = "$(TARGET_NAME)";
				TEST_HOST = "$(BUILT_PRODUCTS_DIR)/TableViewMultiSection.app/TableViewMultiSection";
			};
			name = Release;
		};
		E76C076A1CE095E700436EC9 /* Debug */ = {
			isa = XCBuildConfiguration;
			buildSettings = {
				INFOPLIST_FILE = TableViewMultiSectionUITests/Info.plist;
				LD_RUNPATH_SEARCH_PATHS = "$(inherited) @executable_path/Frameworks @loader_path/Frameworks";
				PRODUCT_BUNDLE_IDENTIFIER = "Obj-C.Start.TableViewMultiSectionUITests";
				PRODUCT_NAME = "$(TARGET_NAME)";
				TEST_TARGET_NAME = TableViewMultiSection;
				USES_XCTRUNNER = YES;
			};
			name = Debug;
		};
		E76C076B1CE095E700436EC9 /* Release */ = {
			isa = XCBuildConfiguration;
			buildSettings = {
				INFOPLIST_FILE = TableViewMultiSectionUITests/Info.plist;
				LD_RUNPATH_SEARCH_PATHS = "$(inherited) @executable_path/Frameworks @loader_path/Frameworks";
				PRODUCT_BUNDLE_IDENTIFIER = "Obj-C.Start.TableViewMultiSectionUITests";
				PRODUCT_NAME = "$(TARGET_NAME)";
				TEST_TARGET_NAME = TableViewMultiSection;
				USES_XCTRUNNER = YES;
			};
			name = Release;
		};
/* End XCBuildConfiguration section */

/* Begin XCConfigurationList section */
		E76C07311CE095E700436EC9 /* Build configuration list for PBXProject "TableViewMultiSection" */ = {
			isa = XCConfigurationList;
			buildConfigurations = (
				E76C07611CE095E700436EC9 /* Debug */,
				E76C07621CE095E700436EC9 /* Release */,
			);
			defaultConfigurationIsVisible = 0;
			defaultConfigurationName = Release;
		};
		E76C07631CE095E700436EC9 /* Build configuration list for PBXNativeTarget "TableViewMultiSection" */ = {
			isa = XCConfigurationList;
			buildConfigurations = (
				E76C07641CE095E700436EC9 /* Debug */,
				E76C07651CE095E700436EC9 /* Release */,
			);
			defaultConfigurationIsVisible = 0;
			defaultConfigurationName = Release;
		};
		E76C07661CE095E700436EC9 /* Build configuration list for PBXNativeTarget "TableViewMultiSectionTests" */ = {
			isa = XCConfigurationList;
			buildConfigurations = (
				E76C07671CE095E700436EC9 /* Debug */,
				E76C07681CE095E700436EC9 /* Release */,
			);
			defaultConfigurationIsVisible = 0;
			defaultConfigurationName = Release;
		};
		E76C07691CE095E700436EC9 /* Build configuration list for PBXNativeTarget "TableViewMultiSectionUITests" */ = {
			isa = XCConfigurationList;
			buildConfigurations = (
				E76C076A1CE095E700436EC9 /* Debug */,
				E76C076B1CE095E700436EC9 /* Release */,
			);
			defaultConfigurationIsVisible = 0;
			defaultConfigurationName = Release;
		};
/* End XCConfigurationList section */
	};
	rootObject = E76C072E1CE095E700436EC9 /* Project object */;
}
